
Microsoft Visual Studio Solution File, Format Version 12.00
# Visual Studio Version 17
VisualStudioVersion = 17.4.33213.308
MinimumVisualStudioVersion = 10.0.40219.1
Project("{FAE04EC0-301F-11D3-BF4B-00C04F79EFBC}") = "SaveEyeDemo", "SaveEyeDemo\SaveEyeDemo.csproj", "{CF9C174C-19AD-4E01-AA89-E08B093AA407}"
EndProject
Global
	GlobalSection(SolutionConfigurationPlatforms) = preSolution
		Debug|Any CPU = Debug|Any CPU
		Release|Any CPU = Release|Any CPU
	EndGlobalSection
	GlobalSection(ProjectConfigurationPlatforms) = postSolution
		{CF9C174C-19AD-4E01-AA89-E08B093AA407}.Debug|Any CPU.ActiveCfg = Debug|Any CPU
		{CF9C174C-19AD-4E01-AA89-E08B093AA407}.Debug|Any CPU.Build.0 = Debug|Any CPU
		{CF9C174C-19AD-4E01-AA89-E08B093AA407}.Release|Any CPU.ActiveCfg = Release|Any CPU
		{CF9C174C-19AD-4E01-AA89-E08B093AA407}.Release|Any CPU.Build.0 = Release|Any CPU
	EndGlobalSection
	GlobalSection(SolutionProperties) = preSolution
		HideSolutionNode = FALSE
	EndGlobalSection
	GlobalSection(ExtensibilityGlobals) = postSolution
		SolutionGuid = {F51476BF-EFCA-4AC7-8F4F-A8617BCD04A2}
	EndGlobalSection
EndGlobal
